
Microsoft Visual Studio Solution File, Format Version 12.00
# Visual Studio Version 16
VisualStudioVersion = 16.0.32228.343
MinimumVisualStudioVersion = 10.0.40219.1
Project("{9A19103F-16F7-4668-BE54-9A1E7A4F7556}") = "Calculadora", "Calculadora\Calculadora.csproj", "{231988AA-DD70-4F48-8BE2-C155755F986B}"
EndProject
Project("{9A19103F-16F7-4668-BE54-9A1E7A4F7556}") = "BibliotecaDeCalculadora", "BibliotecaDeCalculadora\BibliotecaDeCalculadora.csproj", "{C189E86A-C2B2-454E-93F5-683846AEB3CC}"
EndProject
Project("{9A19103F-16F7-4668-BE54-9A1E7A4F7556}") = "BibliotecaDeColores", "BibliotecaDeColores\BibliotecaDeColores.csproj", "{9ADCD2FC-4A5A-49B5-8298-FF3EF90AA5A8}"
EndProject
Project("{54435603-DBB4-11D2-8724-00A0C9A8B90C}") = "Calculadora Matematica", "Calculadora Matematica\Calculadora Matematica.vdproj", "{7EA027C5-F291-446C-BD34-E82556415C2F}"
EndProject
Global
	GlobalSection(SolutionConfigurationPlatforms) = preSolution
		Debug|Any CPU = Debug|Any CPU
		Release|Any CPU = Release|Any CPU
	EndGlobalSection
	GlobalSection(ProjectConfigurationPlatforms) = postSolution
		{231988AA-DD70-4F48-8BE2-C155755F986B}.Debug|Any CPU.ActiveCfg = Debug|Any CPU
		{231988AA-DD70-4F48-8BE2-C155755F986B}.Debug|Any CPU.Build.0 = Debug|Any CPU
		{231988AA-DD70-4F48-8BE2-C155755F986B}.Release|Any CPU.ActiveCfg = Release|Any CPU
		{231988AA-DD70-4F48-8BE2-C155755F986B}.Release|Any CPU.Build.0 = Release|Any CPU
		{C189E86A-C2B2-454E-93F5-683846AEB3CC}.Debug|Any CPU.ActiveCfg = Debug|Any CPU
		{C189E86A-C2B2-454E-93F5-683846AEB3CC}.Debug|Any CPU.Build.0 = Debug|Any CPU
		{C189E86A-C2B2-454E-93F5-683846AEB3CC}.Release|Any CPU.ActiveCfg = Release|Any CPU
		{C189E86A-C2B2-454E-93F5-683846AEB3CC}.Release|Any CPU.Build.0 = Release|Any CPU
		{9ADCD2FC-4A5A-49B5-8298-FF3EF90AA5A8}.Debug|Any CPU.ActiveCfg = Debug|Any CPU
		{9ADCD2FC-4A5A-49B5-8298-FF3EF90AA5A8}.Debug|Any CPU.Build.0 = Debug|Any CPU
		{9ADCD2FC-4A5A-49B5-8298-FF3EF90AA5A8}.Release|Any CPU.ActiveCfg = Release|Any CPU
		{9ADCD2FC-4A5A-49B5-8298-FF3EF90AA5A8}.Release|Any CPU.Build.0 = Release|Any CPU
		{7EA027C5-F291-446C-BD34-E82556415C2F}.Debug|Any CPU.ActiveCfg = Debug
		{7EA027C5-F291-446C-BD34-E82556415C2F}.Release|Any CPU.ActiveCfg = Release
	EndGlobalSection
	GlobalSection(SolutionProperties) = preSolution
		HideSolutionNode = FALSE
	EndGlobalSection
	GlobalSection(ExtensibilityGlobals) = postSolution
		SolutionGuid = {FCA7666C-B585-47C7-96EE-02C9BB896EC1}
	EndGlobalSection
EndGlobal
